
Microsoft Visual Studio Solution File, Format Version 12.00
# Visual Studio Version 17
VisualStudioVersion = 17.0.32112.339
MinimumVisualStudioVersion = 10.0.40219.1
Project("{9A19103F-16F7-4668-BE54-9A1E7A4F7556}") = "Stepmania2BeatSaber", "Stepmania2BeatSaber.csproj", "{120AFB0F-35FB-49D9-98FD-68C4D7A4B79B}"
EndProject
Project("{2150E333-8FDC-42A3-9474-1A3956D46DE8}") = "Solution Items", "Solution Items", "{DC0C2BED-490F-41BE-9922-8E408564D69D}"
	ProjectSection(SolutionItems) = preProject
		.editorconfig = .editorconfig
	EndProjectSection
EndProject
Global
	GlobalSection(SolutionConfigurationPlatforms) = preSolution
		Debug|Any CPU = Debug|Any CPU
		Release|Any CPU = Release|Any CPU
	EndGlobalSection
	GlobalSection(ProjectConfigurationPlatforms) = postSolution
		{120AFB0F-35FB-49D9-98FD-68C4D7A4B79B}.Debug|Any CPU.ActiveCfg = Debug|Any CPU
		{120AFB0F-35FB-49D9-98FD-68C4D7A4B79B}.Debug|Any CPU.Build.0 = Debug|Any CPU
		{120AFB0F-35FB-49D9-98FD-68C4D7A4B79B}.Release|Any CPU.ActiveCfg = Release|Any CPU
		{120AFB0F-35FB-49D9-98FD-68C4D7A4B79B}.Release|Any CPU.Build.0 = Release|Any CPU
	EndGlobalSection
	GlobalSection(SolutionProperties) = preSolution
		HideSolutionNode = FALSE
	EndGlobalSection
	GlobalSection(ExtensibilityGlobals) = postSolution
		SolutionGuid = {61B37210-2738-400B-8727-F30D356DE933}
	EndGlobalSection
EndGlobal
